
Microsoft Visual Studio Solution File, Format Version 12.00
# Visual Studio Version 16
VisualStudioVersion = 16.0.30011.22
MinimumVisualStudioVersion = 10.0.40219.1
Project("{FAE04EC0-301F-11D3-BF4B-00C04F79EFBC}") = "SigmaGraduateProj", "SigmaGraduateProj.csproj", "{B979EBA2-6053-40FF-949D-33EFEDBBCF65}"
EndProject
Global
	GlobalSection(SolutionConfigurationPlatforms) = preSolution
		Debug|Any CPU = Debug|Any CPU
		Release|Any CPU = Release|Any CPU
	EndGlobalSection
	GlobalSection(ProjectConfigurationPlatforms) = postSolution
		{B979EBA2-6053-40FF-949D-33EFEDBBCF65}.Debug|Any CPU.ActiveCfg = Debug|Any CPU
		{B979EBA2-6053-40FF-949D-33EFEDBBCF65}.Debug|Any CPU.Build.0 = Debug|Any CPU
		{B979EBA2-6053-40FF-949D-33EFEDBBCF65}.Release|Any CPU.ActiveCfg = Release|Any CPU
		{B979EBA2-6053-40FF-949D-33EFEDBBCF65}.Release|Any CPU.Build.0 = Release|Any CPU
	EndGlobalSection
	GlobalSection(SolutionProperties) = preSolution
		HideSolutionNode = FALSE
	EndGlobalSection
	GlobalSection(ExtensibilityGlobals) = postSolution
		SolutionGuid = {E7DD4F56-6FCB-417E-B1AC-AA9C2A625CE9}
	EndGlobalSection
EndGlobal
